
Microsoft Visual Studio Solution File, Format Version 12.00
# Visual Studio 2013
VisualStudioVersion = 12.0.21005.1
MinimumVisualStudioVersion = 10.0.40219.1
Project("{8BC9CEB8-8B4A-11D0-8D11-00A0C91BC942}") = "8-17 上课内容及扫雷", "8-17 上课内容及扫雷\8-17 上课内容及扫雷.vcxproj", "{718AB362-4074-4D9C-AC36-AD9BBA0FE5F3}"
EndProject
Global
	GlobalSection(SolutionConfigurationPlatforms) = preSolution
		Debug|Win32 = Debug|Win32
		Release|Win32 = Release|Win32
	EndGlobalSection
	GlobalSection(ProjectConfigurationPlatforms) = postSolution
		{718AB362-4074-4D9C-AC36-AD9BBA0FE5F3}.Debug|Win32.ActiveCfg = Debug|Win32
		{718AB362-4074-4D9C-AC36-AD9BBA0FE5F3}.Debug|Win32.Build.0 = Debug|Win32
		{718AB362-4074-4D9C-AC36-AD9BBA0FE5F3}.Release|Win32.ActiveCfg = Release|Win32
		{718AB362-4074-4D9C-AC36-AD9BBA0FE5F3}.Release|Win32.Build.0 = Release|Win32
	EndGlobalSection
	GlobalSection(SolutionProperties) = preSolution
		HideSolutionNode = FALSE
	EndGlobalSection
EndGlobal
